<?xml version="1.0" encoding="utf-8"?>
<Project ToolsVersion="4.0" xmlns="http://schemas.microsoft.com/developer/msbuild/2003">
  <ItemGroup>
    <Filter Include="Player">
      <UniqueIdentifier>{6aef5776-255b-41f2-acce-3a9a668b8f31}</UniqueIdentifier>
    </Filter>
    <Filter Include="PacketDefine">
      <UniqueIdentifier>{6e48ce58-114b-4049-bc0b-fd9993d279fb}</UniqueIdentifier>
    </Filter>
    <Filter Include="PacketEnum">
      <UniqueIdentifier>{ac79ba93-34bd-495c-8737-9eb598e0b8d0}</UniqueIdentifier>
    </Filter>
    <Filter Include="Math">
      <UniqueIdentifier>{76b44ede-73fc-47ed-9da3-5436abc5cbab}</UniqueIdentifier>
    </Filter>
  </ItemGroup>
  <ItemGroup>
    <ClCompile Include="Player.cpp">
      <Filter>Player</Filter>
    </ClCompile>
    <ClCompile Include="PacketDefine.cpp">
      <Filter>PacketDefine</Filter>
    </ClCompile>
    <ClCompile Include="Vector3.cpp">
      <Filter>Math</Filter>
    </ClCompile>
  </ItemGroup>
  <ItemGroup>
    <ClInclude Include="Player.h">
      <Filter>Player</Filter>
    </ClInclude>
    <ClInclude Include="PacketDefine.h">
      <Filter>PacketDefine</Filter>
    </ClInclude>
    <ClInclude Include="PacketEnum.h">
      <Filter>PacketEnum</Filter>
    </ClInclude>
    <ClInclude Include="Vector3.h">
      <Filter>Math</Filter>
    </ClInclude>
  </ItemGroup>
</Project>