<?xml version="1.0" encoding="utf-8"?>
<Project ToolsVersion="4.0" xmlns="http://schemas.microsoft.com/developer/msbuild/2003">
  <ItemGroup>
    <Filter Include="EntryPoint">
      <UniqueIdentifier>{bfa30478-bc57-4012-ac82-8d679e069d89}</UniqueIdentifier>
    </Filter>
    <Filter Include="GameProcess">
      <UniqueIdentifier>{d1a51e4d-ba66-495d-8ab7-2cdf2996fb45}</UniqueIdentifier>
    </Filter>
    <Filter Include="TCPNetwork">
      <UniqueIdentifier>{f98626e5-320a-40fc-972f-b5c759967f2a}</UniqueIdentifier>
    </Filter>
  </ItemGroup>
  <ItemGroup>
    <ClCompile Include="WinMain.cpp">
      <Filter>EntryPoint</Filter>
    </ClCompile>
    <ClCompile Include="GameProcess.cpp">
      <Filter>GameProcess</Filter>
    </ClCompile>
    <ClCompile Include="TCPNetwork.cpp">
      <Filter>TCPNetwork</Filter>
    </ClCompile>
  </ItemGroup>
  <ItemGroup>
    <ClInclude Include="GameProcess.h">
      <Filter>GameProcess</Filter>
    </ClInclude>
    <ClInclude Include="TCPNetwork.h">
      <Filter>TCPNetwork</Filter>
    </ClInclude>
  </ItemGroup>
</Project>