<?xml version="1.0" encoding="utf-8"?>
<Project ToolsVersion="4.0" xmlns="http://schemas.microsoft.com/developer/msbuild/2003">
  <ItemGroup>
    <Filter Include="EntryPoint">
      <UniqueIdentifier>{8bb1971c-15d2-4a0a-9bbf-e697d05a741b}</UniqueIdentifier>
    </Filter>
    <Filter Include="Server">
      <UniqueIdentifier>{648c197c-708a-4368-abd2-af4e437046bc}</UniqueIdentifier>
    </Filter>
  </ItemGroup>
  <ItemGroup>
    <ClCompile Include="main.cpp">
      <Filter>EntryPoint</Filter>
    </ClCompile>
    <ClCompile Include="MainServer.cpp">
      <Filter>Server</Filter>
    </ClCompile>
  </ItemGroup>
  <ItemGroup>
    <ClInclude Include="MainServer.h">
      <Filter>Server</Filter>
    </ClInclude>
  </ItemGroup>
</Project>